
Microsoft Visual Studio Solution File, Format Version 12.00
# Visual Studio 15
VisualStudioVersion = 15.0.26403.7
MinimumVisualStudioVersion = 10.0.40219.1
Project("{FAE04EC0-301F-11D3-BF4B-00C04F79EFBC}") = "ERegister.DAL", "ERegister.DAL\ERegister.DAL.csproj", "{A3D2C881-4BB9-41C3-A7D4-B386C66A4556}"
EndProject
Project("{FAE04EC0-301F-11D3-BF4B-00C04F79EFBC}") = "ERegister.BLL", "ERegister.BLL\ERegister.BLL.csproj", "{72AF86B2-1E44-4461-9853-BB9501740A89}"
EndProject
Project("{FAE04EC0-301F-11D3-BF4B-00C04F79EFBC}") = "ERegister.PL", "ERegister.PL\ERegister.PL.csproj", "{66D44309-427E-4295-A859-DC6495D6ACA8}"
EndProject
Global
	GlobalSection(SolutionConfigurationPlatforms) = preSolution
		Debug|Any CPU = Debug|Any CPU
		Release|Any CPU = Release|Any CPU
	EndGlobalSection
	GlobalSection(ProjectConfigurationPlatforms) = postSolution
		{A3D2C881-4BB9-41C3-A7D4-B386C66A4556}.Debug|Any CPU.ActiveCfg = Debug|Any CPU
		{A3D2C881-4BB9-41C3-A7D4-B386C66A4556}.Debug|Any CPU.Build.0 = Debug|Any CPU
		{A3D2C881-4BB9-41C3-A7D4-B386C66A4556}.Release|Any CPU.ActiveCfg = Release|Any CPU
		{A3D2C881-4BB9-41C3-A7D4-B386C66A4556}.Release|Any CPU.Build.0 = Release|Any CPU
		{72AF86B2-1E44-4461-9853-BB9501740A89}.Debug|Any CPU.ActiveCfg = Debug|Any CPU
		{72AF86B2-1E44-4461-9853-BB9501740A89}.Debug|Any CPU.Build.0 = Debug|Any CPU
		{72AF86B2-1E44-4461-9853-BB9501740A89}.Release|Any CPU.ActiveCfg = Release|Any CPU
		{72AF86B2-1E44-4461-9853-BB9501740A89}.Release|Any CPU.Build.0 = Release|Any CPU
		{66D44309-427E-4295-A859-DC6495D6ACA8}.Debug|Any CPU.ActiveCfg = Debug|Any CPU
		{66D44309-427E-4295-A859-DC6495D6ACA8}.Debug|Any CPU.Build.0 = Debug|Any CPU
		{66D44309-427E-4295-A859-DC6495D6ACA8}.Release|Any CPU.ActiveCfg = Release|Any CPU
		{66D44309-427E-4295-A859-DC6495D6ACA8}.Release|Any CPU.Build.0 = Release|Any CPU
	EndGlobalSection
	GlobalSection(SolutionProperties) = preSolution
		HideSolutionNode = FALSE
	EndGlobalSection
EndGlobal
